{
  "name": "react-movie-labs",
  "lockfileVersion": 3,
  "requires": true,
  "packages": {
    "": {
      "dependencies": {
        "@tanstack/react-query": "^5.90.3"
      },
      "devDependencies": {
        "@tanstack/react-query-devtools": "^5.90.2"
      }
    },
    "node_modules/@tanstack/query-core": {
      "version": "5.90.3",
      "resolved": "https://registry.npmjs.org/@tanstack/query-core/-/query-core-5.90.3.tgz",
      "integrity": "sha512-HtPOnCwmx4dd35PfXU8jjkhwYrsHfuqgC8RCJIwWglmhIUIlzPP0ZcEkDAc+UtAWCiLm7T8rxeEfHZlz3hYMCA==",
      "license": "MIT",
      "funding": {
        "type": "github",
        "url": "https://github.com/sponsors/tannerlinsley"
      }
    },
    "node_modules/@tanstack/query-devtools": {
      "version": "5.90.1",
      "resolved": "https://registry.npmjs.org/@tanstack/query-devtools/-/query-devtools-5.90.1.tgz",
      "integrity": "sha512-GtINOPjPUH0OegJExZ70UahT9ykmAhmtNVcmtdnOZbxLwT7R5OmRztR5Ahe3/Cu7LArEmR6/588tAycuaWb1xQ==",
      "dev": true,
      "license": "MIT",
      "funding": {
        "type": "github",
        "url": "https://github.com/sponsors/tannerlinsley"
      }
    },
    "node_modules/@tanstack/react-query": {
      "version": "5.90.3",
      "resolved": "https://registry.npmjs.org/@tanstack/react-query/-/react-query-5.90.3.tgz",
      "integrity": "sha512-i/LRL6DtuhG6bjGzavIMIVuKKPWx2AnEBIsBfuMm3YoHne0a20nWmsatOCBcVSaT0/8/5YFjNkebHAPLVUSi0Q==",
      "license": "MIT",
      "dependencies": {
        "@tanstack/query-core": "5.90.3"
      },
      "funding": {
        "type": "github",
        "url": "https://github.com/sponsors/tannerlinsley"
      },
      "peerDependencies": {
        "react": "^18 || ^19"
      }
    },
    "node_modules/@tanstack/react-query-devtools": {
      "version": "5.90.2",
      "resolved": "https://registry.npmjs.org/@tanstack/react-query-devtools/-/react-query-devtools-5.90.2.tgz",
      "integrity": "sha512-vAXJzZuBXtCQtrY3F/yUNJCV4obT/A/n81kb3+YqLbro5Z2+phdAbceO+deU3ywPw8B42oyJlp4FhO0SoivDFQ==",
      "dev": true,
      "license": "MIT",
      "dependencies": {
        "@tanstack/query-devtools": "5.90.1"
      },
      "funding": {
        "type": "github",
        "url": "https://github.com/sponsors/tannerlinsley"
      },
      "peerDependencies": {
        "@tanstack/react-query": "^5.90.2",
        "react": "^18 || ^19"
      }
    },
    "node_modules/react": {
      "version": "19.2.0",
      "resolved": "https://registry.npmjs.org/react/-/react-19.2.0.tgz",
      "integrity": "sha512-tmbWg6W31tQLeB5cdIBOicJDJRR2KzXsV7uSK9iNfLWQ5bIZfxuPEHp7M8wiHyHnn0DD1i7w3Zmin0FtkrwoCQ==",
      "license": "MIT",
      "peer": true,
      "engines": {
        "node": ">=0.10.0"
      }
    }
  }
}
